// !$*UTF8*$!
{
	archiveVersion = 1;
	classes = {
	};
	objectVersion = 54;
	objects = {

/* Begin PBXBuildFile section */
		1442119B25AFAF7600D6FFE7 /* MailView.swift in Sources */ = {isa = PBXBuildFile; fileRef = 1442119A25AFAF7600D6FFE7 /* MailView.swift */; };
		1463FA1C25A09D70008973D0 /* Service.swift in Sources */ = {isa = PBXBuildFile; fileRef = 1463FA1B25A09D70008973D0 /* Service.swift */; };
		1463FA1F25A11835008973D0 /* Services.swift in Sources */ = {isa = PBXBuildFile; fileRef = 1463FA1E25A11835008973D0 /* Services.swift */; };
		1463FA2225A11CFF008973D0 /* EventsView.swift in Sources */ = {isa = PBXBuildFile; fileRef = 1463FA2125A11CFF008973D0 /* EventsView.swift */; };
		1463FA2625A1D98A008973D0 /* Event.swift in Sources */ = {isa = PBXBuildFile; fileRef = 1463FA2525A1D98A008973D0 /* Event.swift */; };
		1463FA3725A1E27C008973D0 /* Events.swift in Sources */ = {isa = PBXBuildFile; fileRef = 1463FA3625A1E27C008973D0 /* Events.swift */; };
		1463FA3B25A1E3D5008973D0 /* StatusService.swift in Sources */ = {isa = PBXBuildFile; fileRef = 1463FA3A25A1E3D5008973D0 /* StatusService.swift */; };
		1463FA3F25A2341E008973D0 /* EventView.swift in Sources */ = {isa = PBXBuildFile; fileRef = 1463FA3E25A2341E008973D0 /* EventView.swift */; };
		1463FA4225A269A6008973D0 /* AboutView.swift in Sources */ = {isa = PBXBuildFile; fileRef = 1463FA4125A269A6008973D0 /* AboutView.swift */; };
		14BF8B8A25A4C6870027EBD9 /* Sentry in Frameworks */ = {isa = PBXBuildFile; productRef = 14BF8B8925A4C6870027EBD9 /* Sentry */; };
		14DD24842598A04900B1E605 /* AppleSystemStatusApp.swift in Sources */ = {isa = PBXBuildFile; fileRef = 14DD24832598A04900B1E605 /* AppleSystemStatusApp.swift */; };
		14DD24862598A04900B1E605 /* ContentView.swift in Sources */ = {isa = PBXBuildFile; fileRef = 14DD24852598A04900B1E605 /* ContentView.swift */; };
		14DD24882598A04A00B1E605 /* Assets.xcassets in Resources */ = {isa = PBXBuildFile; fileRef = 14DD24872598A04A00B1E605 /* Assets.xcassets */; };
		14DD248B2598A04A00B1E605 /* Preview Assets.xcassets in Resources */ = {isa = PBXBuildFile; fileRef = 14DD248A2598A04A00B1E605 /* Preview Assets.xcassets */; };
		14DD24972598A6DF00B1E605 /* Localizable.strings in Resources */ = {isa = PBXBuildFile; fileRef = 14DD24992598A6DF00B1E605 /* Localizable.strings */; };
		14E23C5F259FBBA2007D25B2 /* Countries.swift in Sources */ = {isa = PBXBuildFile; fileRef = 14E23C5E259FBBA2007D25B2 /* Countries.swift */; };
		14F205A92598DC4500EB5533 /* ServicesView.swift in Sources */ = {isa = PBXBuildFile; fileRef = 14F205A82598DC4500EB5533 /* ServicesView.swift */; };
		14F205AC2598DC7600EB5533 /* SettingsView.swift in Sources */ = {isa = PBXBuildFile; fileRef = 14F205AB2598DC7600EB5533 /* SettingsView.swift */; };
		14F205AF2598DFA800EB5533 /* Country.swift in Sources */ = {isa = PBXBuildFile; fileRef = 14F205AE2598DFA800EB5533 /* Country.swift */; };
		14F205B22598E09900EB5533 /* ApiClient.swift in Sources */ = {isa = PBXBuildFile; fileRef = 14F205B12598E09900EB5533 /* ApiClient.swift */; };
		14F205B52598E48A00EB5533 /* Preferences.swift in Sources */ = {isa = PBXBuildFile; fileRef = 14F205B42598E48A00EB5533 /* Preferences.swift */; };
		14F205B8259C9FE600EB5533 /* CountriesView.swift in Sources */ = {isa = PBXBuildFile; fileRef = 14F205B7259C9FE600EB5533 /* CountriesView.swift */; };
		14F205C0259CEF6100EB5533 /* CountryStore.swift in Sources */ = {isa = PBXBuildFile; fileRef = 14F205BF259CEF6100EB5533 /* CountryStore.swift */; };
/* End PBXBuildFile section */

/* Begin PBXFileReference section */
		1442119A25AFAF7600D6FFE7 /* MailView.swift */ = {isa = PBXFileReference; lastKnownFileType = sourcecode.swift; path = MailView.swift; sourceTree = "<group>"; };
		1463FA1B25A09D70008973D0 /* Service.swift */ = {isa = PBXFileReference; lastKnownFileType = sourcecode.swift; path = Service.swift; sourceTree = "<group>"; };
		1463FA1E25A11835008973D0 /* Services.swift */ = {isa = PBXFileReference; lastKnownFileType = sourcecode.swift; path = Services.swift; sourceTree = "<group>"; };
		1463FA2125A11CFF008973D0 /* EventsView.swift */ = {isa = PBXFileReference; lastKnownFileType = sourcecode.swift; path = EventsView.swift; sourceTree = "<group>"; };
		1463FA2525A1D98A008973D0 /* Event.swift */ = {isa = PBXFileReference; lastKnownFileType = sourcecode.swift; path = Event.swift; sourceTree = "<group>"; };
		1463FA3625A1E27C008973D0 /* Events.swift */ = {isa = PBXFileReference; lastKnownFileType = sourcecode.swift; path = Events.swift; sourceTree = "<group>"; };
		1463FA3A25A1E3D5008973D0 /* StatusService.swift */ = {isa = PBXFileReference; lastKnownFileType = sourcecode.swift; path = StatusService.swift; sourceTree = "<group>"; };
		1463FA3E25A2341E008973D0 /* EventView.swift */ = {isa = PBXFileReference; lastKnownFileType = sourcecode.swift; path = EventView.swift; sourceTree = "<group>"; };
		1463FA4125A269A6008973D0 /* AboutView.swift */ = {isa = PBXFileReference; lastKnownFileType = sourcecode.swift; path = AboutView.swift; sourceTree = "<group>"; };
		14DD24802598A04900B1E605 /* Apple System Status.app */ = {isa = PBXFileReference; explicitFileType = wrapper.application; includeInIndex = 0; path = "Apple System Status.app"; sourceTree = BUILT_PRODUCTS_DIR; };
		14DD24832598A04900B1E605 /* AppleSystemStatusApp.swift */ = {isa = PBXFileReference; lastKnownFileType = sourcecode.swift; path = AppleSystemStatusApp.swift; sourceTree = "<group>"; };
		14DD24852598A04900B1E605 /* ContentView.swift */ = {isa = PBXFileReference; lastKnownFileType = sourcecode.swift; path = ContentView.swift; sourceTree = "<group>"; };
		14DD24872598A04A00B1E605 /* Assets.xcassets */ = {isa = PBXFileReference; lastKnownFileType = folder.assetcatalog; path = Assets.xcassets; sourceTree = "<group>"; };
		14DD248A2598A04A00B1E605 /* Preview Assets.xcassets */ = {isa = PBXFileReference; lastKnownFileType = folder.assetcatalog; path = "Preview Assets.xcassets"; sourceTree = "<group>"; };
		14DD248C2598A04A00B1E605 /* Info.plist */ = {isa = PBXFileReference; lastKnownFileType = text.plist.xml; path = Info.plist; sourceTree = "<group>"; };
		14DD24982598A6DF00B1E605 /* en */ = {isa = PBXFileReference; lastKnownFileType = text.plist.strings; name = en; path = en.lproj/Localizable.strings; sourceTree = "<group>"; };
		14DD249B2598A76300B1E605 /* de */ = {isa = PBXFileReference; lastKnownFileType = text.plist.strings; name = de; path = de.lproj/Localizable.strings; sourceTree = "<group>"; };
		14E23C5E259FBBA2007D25B2 /* Countries.swift */ = {isa = PBXFileReference; lastKnownFileType = sourcecode.swift; path = Countries.swift; sourceTree = "<group>"; };
		14F205A82598DC4500EB5533 /* ServicesView.swift */ = {isa = PBXFileReference; lastKnownFileType = sourcecode.swift; path = ServicesView.swift; sourceTree = "<group>"; };
		14F205AB2598DC7600EB5533 /* SettingsView.swift */ = {isa = PBXFileReference; lastKnownFileType = sourcecode.swift; path = SettingsView.swift; sourceTree = "<group>"; };
		14F205AE2598DFA800EB5533 /* Country.swift */ = {isa = PBXFileReference; lastKnownFileType = sourcecode.swift; path = Country.swift; sourceTree = "<group>"; };
		14F205B12598E09900EB5533 /* ApiClient.swift */ = {isa = PBXFileReference; lastKnownFileType = sourcecode.swift; path = ApiClient.swift; sourceTree = "<group>"; };
		14F205B42598E48A00EB5533 /* Preferences.swift */ = {isa = PBXFileReference; lastKnownFileType = sourcecode.swift; path = Preferences.swift; sourceTree = "<group>"; };
		14F205B7259C9FE600EB5533 /* CountriesView.swift */ = {isa = PBXFileReference; lastKnownFileType = sourcecode.swift; path = CountriesView.swift; sourceTree = "<group>"; };
		14F205BF259CEF6100EB5533 /* CountryStore.swift */ = {isa = PBXFileReference; lastKnownFileType = sourcecode.swift; path = CountryStore.swift; sourceTree = "<group>"; };
/* End PBXFileReference section */

/* Begin PBXFrameworksBuildPhase section */
		14DD247D2598A04900B1E605 /* Frameworks */ = {
			isa = PBXFrameworksBuildPhase;
			buildActionMask = 2147483647;
			files = (
				14BF8B8A25A4C6870027EBD9 /* Sentry in Frameworks */,
			);
			runOnlyForDeploymentPostprocessing = 0;
		};
/* End PBXFrameworksBuildPhase section */

/* Begin PBXGroup section */
		1463FA3925A1E3C6008973D0 /* Services */ = {
			isa = PBXGroup;
			children = (
				1463FA3A25A1E3D5008973D0 /* StatusService.swift */,
			);
			path = Services;
			sourceTree = "<group>";
		};
		14DD24772598A04900B1E605 = {
			isa = PBXGroup;
			children = (
				14DD24822598A04900B1E605 /* AppleSystemStatus */,
				14DD24812598A04900B1E605 /* Products */,
			);
			sourceTree = "<group>";
		};
		14DD24812598A04900B1E605 /* Products */ = {
			isa = PBXGroup;
			children = (
				14DD24802598A04900B1E605 /* Apple System Status.app */,
			);
			name = Products;
			sourceTree = "<group>";
		};
		14DD24822598A04900B1E605 /* AppleSystemStatus */ = {
			isa = PBXGroup;
			children = (
				14F205C6259E15E300EB5533 /* Models */,
				1463FA3925A1E3C6008973D0 /* Services */,
				14E23C5D259FBB7A007D25B2 /* Observables */,
				14F205BE259CEF4D00EB5533 /* Stores */,
				14F205BB259CC83000EB5533 /* Views */,
				14DD24832598A04900B1E605 /* AppleSystemStatusApp.swift */,
				14DD24872598A04A00B1E605 /* Assets.xcassets */,
				14DD248C2598A04A00B1E605 /* Info.plist */,
				14DD24892598A04A00B1E605 /* Preview Content */,
				14DD24992598A6DF00B1E605 /* Localizable.strings */,
				14F205B12598E09900EB5533 /* ApiClient.swift */,
			);
			path = AppleSystemStatus;
			sourceTree = "<group>";
		};
		14DD24892598A04A00B1E605 /* Preview Content */ = {
			isa = PBXGroup;
			children = (
				14DD248A2598A04A00B1E605 /* Preview Assets.xcassets */,
			);
			path = "Preview Content";
			sourceTree = "<group>";
		};
		14E23C5D259FBB7A007D25B2 /* Observables */ = {
			isa = PBXGroup;
			children = (
				14F205B42598E48A00EB5533 /* Preferences.swift */,
				14E23C5E259FBBA2007D25B2 /* Countries.swift */,
				1463FA1E25A11835008973D0 /* Services.swift */,
				1463FA3625A1E27C008973D0 /* Events.swift */,
			);
			path = Observables;
			sourceTree = "<group>";
		};
		14F205BB259CC83000EB5533 /* Views */ = {
			isa = PBXGroup;
			children = (
				14DD24852598A04900B1E605 /* ContentView.swift */,
				14F205B7259C9FE600EB5533 /* CountriesView.swift */,
				14F205A82598DC4500EB5533 /* ServicesView.swift */,
				14F205AB2598DC7600EB5533 /* SettingsView.swift */,
				1463FA2125A11CFF008973D0 /* EventsView.swift */,
				1463FA3E25A2341E008973D0 /* EventView.swift */,
				1463FA4125A269A6008973D0 /* AboutView.swift */,
				1442119A25AFAF7600D6FFE7 /* MailView.swift */,
			);
			path = Views;
			sourceTree = "<group>";
		};
		14F205BE259CEF4D00EB5533 /* Stores */ = {
			isa = PBXGroup;
			children = (
				14F205BF259CEF6100EB5533 /* CountryStore.swift */,
			);
			path = Stores;
			sourceTree = "<group>";
		};
		14F205C6259E15E300EB5533 /* Models */ = {
			isa = PBXGroup;
			children = (
				14F205AE2598DFA800EB5533 /* Country.swift */,
				1463FA1B25A09D70008973D0 /* Service.swift */,
				1463FA2525A1D98A008973D0 /* Event.swift */,
			);
			path = Models;
			sourceTree = "<group>";
		};
/* End PBXGroup section */

/* Begin PBXNativeTarget section */
		14DD247F2598A04900B1E605 /* Apple System Status */ = {
			isa = PBXNativeTarget;
			buildConfigurationList = 14DD248F2598A04A00B1E605 /* Build configuration list for PBXNativeTarget "Apple System Status" */;
			buildPhases = (
				14DD247C2598A04900B1E605 /* Sources */,
				14DD247D2598A04900B1E605 /* Frameworks */,
				14DD247E2598A04900B1E605 /* Resources */,
			);
			buildRules = (
			);
			dependencies = (
			);
			name = "Apple System Status";
			packageProductDependencies = (
				14BF8B8925A4C6870027EBD9 /* Sentry */,
			);
			productName = AppleSystemStatus;
			productReference = 14DD24802598A04900B1E605 /* Apple System Status.app */;
			productType = "com.apple.product-type.application";
		};
/* End PBXNativeTarget section */

/* Begin PBXProject section */
		14DD24782598A04900B1E605 /* Project object */ = {
			isa = PBXProject;
			attributes = {
				LastSwiftUpdateCheck = 1230;
				LastUpgradeCheck = 1230;
				TargetAttributes = {
					14DD247F2598A04900B1E605 = {
						CreatedOnToolsVersion = 12.3;
					};
				};
			};
			buildConfigurationList = 14DD247B2598A04900B1E605 /* Build configuration list for PBXProject "AppleSystemStatus" */;
			compatibilityVersion = "Xcode 12.0";
			developmentRegion = en;
			hasScannedForEncodings = 0;
			knownRegions = (
				en,
				Base,
				de,
			);
			mainGroup = 14DD24772598A04900B1E605;
			packageReferences = (
				14BF8B8825A4C6870027EBD9 /* XCRemoteSwiftPackageReference "sentry-cocoa" */,
			);
			productRefGroup = 14DD24812598A04900B1E605 /* Products */;
			projectDirPath = "";
			projectRoot = "";
			targets = (
				14DD247F2598A04900B1E605 /* Apple System Status */,
			);
		};
/* End PBXProject section */

/* Begin PBXResourcesBuildPhase section */
		14DD247E2598A04900B1E605 /* Resources */ = {
			isa = PBXResourcesBuildPhase;
			buildActionMask = 2147483647;
			files = (
				14DD248B2598A04A00B1E605 /* Preview Assets.xcassets in Resources */,
				14DD24972598A6DF00B1E605 /* Localizable.strings in Resources */,
				14DD24882598A04A00B1E605 /* Assets.xcassets in Resources */,
			);
			runOnlyForDeploymentPostprocessing = 0;
		};
/* End PBXResourcesBuildPhase section */

/* Begin PBXSourcesBuildPhase section */
		14DD247C2598A04900B1E605 /* Sources */ = {
			isa = PBXSourcesBuildPhase;
			buildActionMask = 2147483647;
			files = (
				1463FA2225A11CFF008973D0 /* EventsView.swift in Sources */,
				14F205B22598E09900EB5533 /* ApiClient.swift in Sources */,
				1463FA1F25A11835008973D0 /* Services.swift in Sources */,
				1463FA3F25A2341E008973D0 /* EventView.swift in Sources */,
				1463FA4225A269A6008973D0 /* AboutView.swift in Sources */,
				1463FA3B25A1E3D5008973D0 /* StatusService.swift in Sources */,
				14F205AF2598DFA800EB5533 /* Country.swift in Sources */,
				14DD24862598A04900B1E605 /* ContentView.swift in Sources */,
				14F205AC2598DC7600EB5533 /* SettingsView.swift in Sources */,
				14DD24842598A04900B1E605 /* AppleSystemStatusApp.swift in Sources */,
				14F205B8259C9FE600EB5533 /* CountriesView.swift in Sources */,
				14F205B52598E48A00EB5533 /* Preferences.swift in Sources */,
				1463FA3725A1E27C008973D0 /* Events.swift in Sources */,
				14F205C0259CEF6100EB5533 /* CountryStore.swift in Sources */,
				1463FA1C25A09D70008973D0 /* Service.swift in Sources */,
				14E23C5F259FBBA2007D25B2 /* Countries.swift in Sources */,
				1463FA2625A1D98A008973D0 /* Event.swift in Sources */,
				14F205A92598DC4500EB5533 /* ServicesView.swift in Sources */,
				1442119B25AFAF7600D6FFE7 /* MailView.swift in Sources */,
			);
			runOnlyForDeploymentPostprocessing = 0;
		};
/* End PBXSourcesBuildPhase section */

/* Begin PBXVariantGroup section */
		14DD24992598A6DF00B1E605 /* Localizable.strings */ = {
			isa = PBXVariantGroup;
			children = (
				14DD24982598A6DF00B1E605 /* en */,
				14DD249B2598A76300B1E605 /* de */,
			);
			name = Localizable.strings;
			sourceTree = "<group>";
		};
/* End PBXVariantGroup section */

/* Begin XCBuildConfiguration section */
		14DD248D2598A04A00B1E605 /* Debug */ = {
			isa = XCBuildConfiguration;
			buildSettings = {
				ALWAYS_SEARCH_USER_PATHS = NO;
				API_CODE = "5cUp37ikddO525JWygFiPq05arB2n4eC/7pM9wm54c0gTiT9TyGL4g==";
				API_HOST = "https://mdmsua.azurewebsites.net";
				CLANG_ANALYZER_LOCALIZABILITY_NONLOCALIZED = YES;
				CLANG_ANALYZER_NONNULL = YES;
				CLANG_ANALYZER_NUMBER_OBJECT_CONVERSION = YES_AGGRESSIVE;
				CLANG_CXX_LANGUAGE_STANDARD = "gnu++14";
				CLANG_CXX_LIBRARY = "libc++";
				CLANG_ENABLE_MODULES = YES;
				CLANG_ENABLE_OBJC_ARC = YES;
				CLANG_ENABLE_OBJC_WEAK = YES;
				CLANG_WARN_BLOCK_CAPTURE_AUTORELEASING = YES;
				CLANG_WARN_BOOL_CONVERSION = YES;
				CLANG_WARN_COMMA = YES;
				CLANG_WARN_CONSTANT_CONVERSION = YES;
				CLANG_WARN_DEPRECATED_OBJC_IMPLEMENTATIONS = YES;
				CLANG_WARN_DIRECT_OBJC_ISA_USAGE = YES_ERROR;
				CLANG_WARN_DOCUMENTATION_COMMENTS = YES;
				CLANG_WARN_EMPTY_BODY = YES;
				CLANG_WARN_ENUM_CONVERSION = YES;
				CLANG_WARN_INFINITE_RECURSION = YES;
				CLANG_WARN_INT_CONVERSION = YES;
				CLANG_WARN_NON_LITERAL_NULL_CONVERSION = YES;
				CLANG_WARN_OBJC_IMPLICIT_RETAIN_SELF = YES;
				CLANG_WARN_OBJC_LITERAL_CONVERSION = YES;
				CLANG_WARN_OBJC_ROOT_CLASS = YES_ERROR;
				CLANG_WARN_QUOTED_INCLUDE_IN_FRAMEWORK_HEADER = YES;
				CLANG_WARN_RANGE_LOOP_ANALYSIS = YES;
				CLANG_WARN_STRICT_PROTOTYPES = YES;
				CLANG_WARN_SUSPICIOUS_MOVE = YES;
				CLANG_WARN_UNGUARDED_AVAILABILITY = YES_AGGRESSIVE;
				CLANG_WARN_UNREACHABLE_CODE = YES;
				CLANG_WARN__DUPLICATE_METHOD_MATCH = YES;
				COPY_PHASE_STRIP = NO;
				DEBUG_INFORMATION_FORMAT = dwarf;
				ENABLE_STRICT_OBJC_MSGSEND = YES;
				ENABLE_TESTABILITY = YES;
				GCC_C_LANGUAGE_STANDARD = gnu11;
				GCC_DYNAMIC_NO_PIC = NO;
				GCC_NO_COMMON_BLOCKS = YES;
				GCC_OPTIMIZATION_LEVEL = 0;
				GCC_PREPROCESSOR_DEFINITIONS = (
					"DEBUG=1",
					"$(inherited)",
				);
				GCC_WARN_64_TO_32_BIT_CONVERSION = YES;
				GCC_WARN_ABOUT_RETURN_TYPE = YES_ERROR;
				GCC_WARN_UNDECLARED_SELECTOR = YES;
				GCC_WARN_UNINITIALIZED_AUTOS = YES_AGGRESSIVE;
				GCC_WARN_UNUSED_FUNCTION = YES;
				GCC_WARN_UNUSED_VARIABLE = YES;
				IPHONEOS_DEPLOYMENT_TARGET = 14.3;
				MTL_ENABLE_DEBUG_INFO = INCLUDE_SOURCE;
				MTL_FAST_MATH = YES;
				ONLY_ACTIVE_ARCH = YES;
				SDKROOT = iphoneos;
				SWIFT_ACTIVE_COMPILATION_CONDITIONS = DEBUG;
				SWIFT_OPTIMIZATION_LEVEL = "-Onone";
			};
			name = Debug;
		};
		14DD248E2598A04A00B1E605 /* Release */ = {
			isa = XCBuildConfiguration;
			buildSettings = {
				ALWAYS_SEARCH_USER_PATHS = NO;
				API_CODE = "5cUp37ikddO525JWygFiPq05arB2n4eC/7pM9wm54c0gTiT9TyGL4g==";
				API_HOST = "https://ass.mdmsft.net";
				CLANG_ANALYZER_LOCALIZABILITY_NONLOCALIZED = YES;
				CLANG_ANALYZER_NONNULL = YES;
				CLANG_ANALYZER_NUMBER_OBJECT_CONVERSION = YES_AGGRESSIVE;
				CLANG_CXX_LANGUAGE_STANDARD = "gnu++14";
				CLANG_CXX_LIBRARY = "libc++";
				CLANG_ENABLE_MODULES = YES;
				CLANG_ENABLE_OBJC_ARC = YES;
				CLANG_ENABLE_OBJC_WEAK = YES;
				CLANG_WARN_BLOCK_CAPTURE_AUTORELEASING = YES;
				CLANG_WARN_BOOL_CONVERSION = YES;
				CLANG_WARN_COMMA = YES;
				CLANG_WARN_CONSTANT_CONVERSION = YES;
				CLANG_WARN_DEPRECATED_OBJC_IMPLEMENTATIONS = YES;
				CLANG_WARN_DIRECT_OBJC_ISA_USAGE = YES_ERROR;
				CLANG_WARN_DOCUMENTATION_COMMENTS = YES;
				CLANG_WARN_EMPTY_BODY = YES;
				CLANG_WARN_ENUM_CONVERSION = YES;
				CLANG_WARN_INFINITE_RECURSION = YES;
				CLANG_WARN_INT_CONVERSION = YES;
				CLANG_WARN_NON_LITERAL_NULL_CONVERSION = YES;
				CLANG_WARN_OBJC_IMPLICIT_RETAIN_SELF = YES;
				CLANG_WARN_OBJC_LITERAL_CONVERSION = YES;
				CLANG_WARN_OBJC_ROOT_CLASS = YES_ERROR;
				CLANG_WARN_QUOTED_INCLUDE_IN_FRAMEWORK_HEADER = YES;
				CLANG_WARN_RANGE_LOOP_ANALYSIS = YES;
				CLANG_WARN_STRICT_PROTOTYPES = YES;
				CLANG_WARN_SUSPICIOUS_MOVE = YES;
				CLANG_WARN_UNGUARDED_AVAILABILITY = YES_AGGRESSIVE;
				CLANG_WARN_UNREACHABLE_CODE = YES;
				CLANG_WARN__DUPLICATE_METHOD_MATCH = YES;
				COPY_PHASE_STRIP = NO;
				DEBUG_INFORMATION_FORMAT = "dwarf-with-dsym";
				ENABLE_NS_ASSERTIONS = NO;
				ENABLE_STRICT_OBJC_MSGSEND = YES;
				GCC_C_LANGUAGE_STANDARD = gnu11;
				GCC_NO_COMMON_BLOCKS = YES;
				GCC_WARN_64_TO_32_BIT_CONVERSION = YES;
				GCC_WARN_ABOUT_RETURN_TYPE = YES_ERROR;
				GCC_WARN_UNDECLARED_SELECTOR = YES;
				GCC_WARN_UNINITIALIZED_AUTOS = YES_AGGRESSIVE;
				GCC_WARN_UNUSED_FUNCTION = YES;
				GCC_WARN_UNUSED_VARIABLE = YES;
				IPHONEOS_DEPLOYMENT_TARGET = 14.3;
				MTL_ENABLE_DEBUG_INFO = NO;
				MTL_FAST_MATH = YES;
				SDKROOT = iphoneos;
				SWIFT_COMPILATION_MODE = wholemodule;
				SWIFT_OPTIMIZATION_LEVEL = "-O";
				VALIDATE_PRODUCT = YES;
			};
			name = Release;
		};
		14DD24902598A04A00B1E605 /* Debug */ = {
			isa = XCBuildConfiguration;
			buildSettings = {
				API_HOST = "https://aaplss.mdmsft.net";
				ASSETCATALOG_COMPILER_APPICON_NAME = AppIcon;
				ASSETCATALOG_COMPILER_GLOBAL_ACCENT_COLOR_NAME = AccentColor;
				CODE_SIGN_STYLE = Automatic;
				CURRENT_PROJECT_VERSION = 6;
				DEVELOPMENT_ASSET_PATHS = "\"AppleSystemStatus/Preview Content\"";
				DEVELOPMENT_TEAM = 56468X2PU5;
				ENABLE_PREVIEWS = YES;
				INFOPLIST_FILE = AppleSystemStatus/Info.plist;
				IPHONEOS_DEPLOYMENT_TARGET = 14.0;
				LD_RUNPATH_SEARCH_PATHS = (
					"$(inherited)",
					"@executable_path/Frameworks",
				);
				PRODUCT_BUNDLE_IDENTIFIER = net.mdmsft.aaplss;
				PRODUCT_NAME = "$(TARGET_NAME)";
				SENTRY_DSN = "";
				SWIFT_VERSION = 5.0;
				TARGETED_DEVICE_FAMILY = 1;
			};
			name = Debug;
		};
		14DD24912598A04A00B1E605 /* Release */ = {
			isa = XCBuildConfiguration;
			buildSettings = {
				API_HOST = "https://aaplss.mdmsft.net";
				ASSETCATALOG_COMPILER_APPICON_NAME = AppIcon;
				ASSETCATALOG_COMPILER_GLOBAL_ACCENT_COLOR_NAME = AccentColor;
				CODE_SIGN_STYLE = Automatic;
				CURRENT_PROJECT_VERSION = 6;
				DEVELOPMENT_ASSET_PATHS = "\"AppleSystemStatus/Preview Content\"";
				DEVELOPMENT_TEAM = 56468X2PU5;
				ENABLE_PREVIEWS = YES;
				INFOPLIST_FILE = AppleSystemStatus/Info.plist;
				IPHONEOS_DEPLOYMENT_TARGET = 14.0;
				LD_RUNPATH_SEARCH_PATHS = (
					"$(inherited)",
					"@executable_path/Frameworks",
				);
				PRODUCT_BUNDLE_IDENTIFIER = net.mdmsft.aaplss;
				PRODUCT_NAME = "$(TARGET_NAME)";
				SENTRY_DSN = "https://a7e4886af55f4a03962229b688bcb59f@o43688.ingest.sentry.io/5580329";
				SWIFT_VERSION = 5.0;
				TARGETED_DEVICE_FAMILY = 1;
			};
			name = Release;
		};
/* End XCBuildConfiguration section */

/* Begin XCConfigurationList section */
		14DD247B2598A04900B1E605 /* Build configuration list for PBXProject "AppleSystemStatus" */ = {
			isa = XCConfigurationList;
			buildConfigurations = (
				14DD248D2598A04A00B1E605 /* Debug */,
				14DD248E2598A04A00B1E605 /* Release */,
			);
			defaultConfigurationIsVisible = 0;
			defaultConfigurationName = Release;
		};
		14DD248F2598A04A00B1E605 /* Build configuration list for PBXNativeTarget "Apple System Status" */ = {
			isa = XCConfigurationList;
			buildConfigurations = (
				14DD24902598A04A00B1E605 /* Debug */,
				14DD24912598A04A00B1E605 /* Release */,
			);
			defaultConfigurationIsVisible = 0;
			defaultConfigurationName = Release;
		};
/* End XCConfigurationList section */

/* Begin XCRemoteSwiftPackageReference section */
		14BF8B8825A4C6870027EBD9 /* XCRemoteSwiftPackageReference "sentry-cocoa" */ = {
			isa = XCRemoteSwiftPackageReference;
			repositoryURL = "https://github.com/getsentry/sentry-cocoa.git";
			requirement = {
				kind = upToNextMajorVersion;
				minimumVersion = 6.0.12;
			};
		};
/* End XCRemoteSwiftPackageReference section */

/* Begin XCSwiftPackageProductDependency section */
		14BF8B8925A4C6870027EBD9 /* Sentry */ = {
			isa = XCSwiftPackageProductDependency;
			package = 14BF8B8825A4C6870027EBD9 /* XCRemoteSwiftPackageReference "sentry-cocoa" */;
			productName = Sentry;
		};
/* End XCSwiftPackageProductDependency section */
	};
	rootObject = 14DD24782598A04900B1E605 /* Project object */;
}
